
Microsoft Visual Studio Solution File, Format Version 12.00
# Visual Studio Version 16
VisualStudioVersion = 16.0.30717.126
MinimumVisualStudioVersion = 10.0.40219.1
Project("{FAE04EC0-301F-11D3-BF4B-00C04F79EFBC}") = "ESCP_Misc", "ESCP_Misc\ESCP_Misc.csproj", "{7B375D01-6687-48D0-9540-F6CA3F9C0F8F}"
EndProject
Global
	GlobalSection(SolutionConfigurationPlatforms) = preSolution
		Debug|Any CPU = Debug|Any CPU
		Release|Any CPU = Release|Any CPU
	EndGlobalSection
	GlobalSection(ProjectConfigurationPlatforms) = postSolution
		{7B375D01-6687-48D0-9540-F6CA3F9C0F8F}.Debug|Any CPU.ActiveCfg = Debug|Any CPU
		{7B375D01-6687-48D0-9540-F6CA3F9C0F8F}.Debug|Any CPU.Build.0 = Debug|Any CPU
		{7B375D01-6687-48D0-9540-F6CA3F9C0F8F}.Release|Any CPU.ActiveCfg = Release|Any CPU
		{7B375D01-6687-48D0-9540-F6CA3F9C0F8F}.Release|Any CPU.Build.0 = Release|Any CPU
	EndGlobalSection
	GlobalSection(SolutionProperties) = preSolution
		HideSolutionNode = FALSE
	EndGlobalSection
	GlobalSection(ExtensibilityGlobals) = postSolution
		SolutionGuid = {CE3B6414-E2BE-4EB1-9FAC-04B402557172}
	EndGlobalSection
EndGlobal
